
Microsoft Visual Studio Solution File, Format Version 12.00
Project("{FAE04EC0-301F-11D3-BF4B-00C04F79EFBC}") = "Neocra.GitMerge", "Neocra.GitMerge\Neocra.GitMerge.csproj", "{DB3D5F5B-8587-41DE-B042-EEDD4BFC0B08}"
EndProject
Project("{FAE04EC0-301F-11D3-BF4B-00C04F79EFBC}") = "Neocra.GitMerge.Tests", "Neocra.GitMerge.Tests\Neocra.GitMerge.Tests.csproj", "{8CEBC8C2-0B84-4930-9C0E-5D1C786D4AA0}"
EndProject
Global
	GlobalSection(SolutionConfigurationPlatforms) = preSolution
		Debug|Any CPU = Debug|Any CPU
		Release|Any CPU = Release|Any CPU
	EndGlobalSection
	GlobalSection(ProjectConfigurationPlatforms) = postSolution
		{DB3D5F5B-8587-41DE-B042-EEDD4BFC0B08}.Debug|Any CPU.ActiveCfg = Debug|Any CPU
		{DB3D5F5B-8587-41DE-B042-EEDD4BFC0B08}.Debug|Any CPU.Build.0 = Debug|Any CPU
		{DB3D5F5B-8587-41DE-B042-EEDD4BFC0B08}.Release|Any CPU.ActiveCfg = Release|Any CPU
		{DB3D5F5B-8587-41DE-B042-EEDD4BFC0B08}.Release|Any CPU.Build.0 = Release|Any CPU
		{8CEBC8C2-0B84-4930-9C0E-5D1C786D4AA0}.Debug|Any CPU.ActiveCfg = Debug|Any CPU
		{8CEBC8C2-0B84-4930-9C0E-5D1C786D4AA0}.Debug|Any CPU.Build.0 = Debug|Any CPU
		{8CEBC8C2-0B84-4930-9C0E-5D1C786D4AA0}.Release|Any CPU.ActiveCfg = Release|Any CPU
		{8CEBC8C2-0B84-4930-9C0E-5D1C786D4AA0}.Release|Any CPU.Build.0 = Release|Any CPU
	EndGlobalSection
EndGlobal
